// !$*UTF8*$!
{
	archiveVersion = 1;
	classes = {
	};
	objectVersion = 46;
	objects = {

/* Begin PBXBuildFile section */
		9CCA78ED1B739A60002ACBF1 /* main.m in Sources */ = {isa = PBXBuildFile; fileRef = 9CCA78EC1B739A60002ACBF1 /* main.m */; };
		9CCA78F01B739A60002ACBF1 /* AppDelegate.m in Sources */ = {isa = PBXBuildFile; fileRef = 9CCA78EF1B739A60002ACBF1 /* AppDelegate.m */; };
		9CCA78F31B739A60002ACBF1 /* ViewController.m in Sources */ = {isa = PBXBuildFile; fileRef = 9CCA78F21B739A60002ACBF1 /* ViewController.m */; };
		9CCA78F61B739A60002ACBF1 /* Main.storyboard in Resources */ = {isa = PBXBuildFile; fileRef = 9CCA78F41B739A60002ACBF1 /* Main.storyboard */; };
		9CCA78F81B739A60002ACBF1 /* Images.xcassets in Resources */ = {isa = PBXBuildFile; fileRef = 9CCA78F71B739A60002ACBF1 /* Images.xcassets */; };
		9CCA78FB1B739A60002ACBF1 /* LaunchScreen.xib in Resources */ = {isa = PBXBuildFile; fileRef = 9CCA78F91B739A60002ACBF1 /* LaunchScreen.xib */; };
		9CCA79071B739A60002ACBF1 /* BatailleNavaleOBJCTests.m in Sources */ = {isa = PBXBuildFile; fileRef = 9CCA79061B739A60002ACBF1 /* BatailleNavaleOBJCTests.m */; };
/* End PBXBuildFile section */

/* Begin PBXContainerItemProxy section */
		9CCA79011B739A60002ACBF1 /* PBXContainerItemProxy */ = {
			isa = PBXContainerItemProxy;
			containerPortal = 9CCA78DF1B739A60002ACBF1 /* Project object */;
			proxyType = 1;
			remoteGlobalIDString = 9CCA78E61B739A60002ACBF1;
			remoteInfo = BatailleNavaleOBJC;
		};
/* End PBXContainerItemProxy section */

/* Begin PBXFileReference section */
		9CCA78E71B739A60002ACBF1 /* BatailleNavaleOBJC.app */ = {isa = PBXFileReference; explicitFileType = wrapper.application; includeInIndex = 0; path = BatailleNavaleOBJC.app; sourceTree = BUILT_PRODUCTS_DIR; };
		9CCA78EB1B739A60002ACBF1 /* Info.plist */ = {isa = PBXFileReference; lastKnownFileType = text.plist.xml; path = Info.plist; sourceTree = "<group>"; };
		9CCA78EC1B739A60002ACBF1 /* main.m */ = {isa = PBXFileReference; lastKnownFileType = sourcecode.c.objc; path = main.m; sourceTree = "<group>"; };
		9CCA78EE1B739A60002ACBF1 /* AppDelegate.h */ = {isa = PBXFileReference; lastKnownFileType = sourcecode.c.h; path = AppDelegate.h; sourceTree = "<group>"; };
		9CCA78EF1B739A60002ACBF1 /* AppDelegate.m */ = {isa = PBXFileReference; lastKnownFileType = sourcecode.c.objc; path = AppDelegate.m; sourceTree = "<group>"; };
		9CCA78F11B739A60002ACBF1 /* ViewController.h */ = {isa = PBXFileReference; lastKnownFileType = sourcecode.c.h; path = ViewController.h; sourceTree = "<group>"; };
		9CCA78F21B739A60002ACBF1 /* ViewController.m */ = {isa = PBXFileReference; lastKnownFileType = sourcecode.c.objc; path = ViewController.m; sourceTree = "<group>"; };
		9CCA78F51B739A60002ACBF1 /* Base */ = {isa = PBXFileReference; lastKnownFileType = file.storyboard; name = Base; path = Base.lproj/Main.storyboard; sourceTree = "<group>"; };
		9CCA78F71B739A60002ACBF1 /* Images.xcassets */ = {isa = PBXFileReference; lastKnownFileType = folder.assetcatalog; path = Images.xcassets; sourceTree = "<group>"; };
		9CCA78FA1B739A60002ACBF1 /* Base */ = {isa = PBXFileReference; lastKnownFileType = file.xib; name = Base; path = Base.lproj/LaunchScreen.xib; sourceTree = "<group>"; };
		9CCA79001B739A60002ACBF1 /* BatailleNavaleOBJCTests.xctest */ = {isa = PBXFileReference; explicitFileType = wrapper.cfbundle; includeInIndex = 0; path = BatailleNavaleOBJCTests.xctest; sourceTree = BUILT_PRODUCTS_DIR; };
		9CCA79051B739A60002ACBF1 /* Info.plist */ = {isa = PBXFileReference; lastKnownFileType = text.plist.xml; path = Info.plist; sourceTree = "<group>"; };
		9CCA79061B739A60002ACBF1 /* BatailleNavaleOBJCTests.m */ = {isa = PBXFileReference; lastKnownFileType = sourcecode.c.objc; path = BatailleNavaleOBJCTests.m; sourceTree = "<group>"; };
/* End PBXFileReference section */

/* Begin PBXFrameworksBuildPhase section */
		9CCA78E41B739A60002ACBF1 /* Frameworks */ = {
			isa = PBXFrameworksBuildPhase;
			buildActionMask = 2147483647;
			files = (
			);
			runOnlyForDeploymentPostprocessing = 0;
		};
		9CCA78FD1B739A60002ACBF1 /* Frameworks */ = {
			isa = PBXFrameworksBuildPhase;
			buildActionMask = 2147483647;
			files = (
			);
			runOnlyForDeploymentPostprocessing = 0;
		};
/* End PBXFrameworksBuildPhase section */

/* Begin PBXGroup section */
		9CCA78DE1B739A60002ACBF1 = {
			isa = PBXGroup;
			children = (
				9CCA78E91B739A60002ACBF1 /* BatailleNavaleOBJC */,
				9CCA79031B739A60002ACBF1 /* BatailleNavaleOBJCTests */,
				9CCA78E81B739A60002ACBF1 /* Products */,
			);
			sourceTree = "<group>";
		};
		9CCA78E81B739A60002ACBF1 /* Products */ = {
			isa = PBXGroup;
			children = (
				9CCA78E71B739A60002ACBF1 /* BatailleNavaleOBJC.app */,
				9CCA79001B739A60002ACBF1 /* BatailleNavaleOBJCTests.xctest */,
			);
			name = Products;
			sourceTree = "<group>";
		};
		9CCA78E91B739A60002ACBF1 /* BatailleNavaleOBJC */ = {
			isa = PBXGroup;
			children = (
				9CCA78EE1B739A60002ACBF1 /* AppDelegate.h */,
				9CCA78EF1B739A60002ACBF1 /* AppDelegate.m */,
				9CCA78F11B739A60002ACBF1 /* ViewController.h */,
				9CCA78F21B739A60002ACBF1 /* ViewController.m */,
				9CCA78F41B739A60002ACBF1 /* Main.storyboard */,
				9CCA78F71B739A60002ACBF1 /* Images.xcassets */,
				9CCA78F91B739A60002ACBF1 /* LaunchScreen.xib */,
				9CCA78EA1B739A60002ACBF1 /* Supporting Files */,
			);
			path = BatailleNavaleOBJC;
			sourceTree = "<group>";
		};
		9CCA78EA1B739A60002ACBF1 /* Supporting Files */ = {
			isa = PBXGroup;
			children = (
				9CCA78EB1B739A60002ACBF1 /* Info.plist */,
				9CCA78EC1B739A60002ACBF1 /* main.m */,
			);
			name = "Supporting Files";
			sourceTree = "<group>";
		};
		9CCA79031B739A60002ACBF1 /* BatailleNavaleOBJCTests */ = {
			isa = PBXGroup;
			children = (
				9CCA79061B739A60002ACBF1 /* BatailleNavaleOBJCTests.m */,
				9CCA79041B739A60002ACBF1 /* Supporting Files */,
			);
			path = BatailleNavaleOBJCTests;
			sourceTree = "<group>";
		};
		9CCA79041B739A60002ACBF1 /* Supporting Files */ = {
			isa = PBXGroup;
			children = (
				9CCA79051B739A60002ACBF1 /* Info.plist */,
			);
			name = "Supporting Files";
			sourceTree = "<group>";
		};
/* End PBXGroup section */

/* Begin PBXNativeTarget section */
		9CCA78E61B739A60002ACBF1 /* BatailleNavaleOBJC */ = {
			isa = PBXNativeTarget;
			buildConfigurationList = 9CCA790A1B739A60002ACBF1 /* Build configuration list for PBXNativeTarget "BatailleNavaleOBJC" */;
			buildPhases = (
				9CCA78E31B739A60002ACBF1 /* Sources */,
				9CCA78E41B739A60002ACBF1 /* Frameworks */,
				9CCA78E51B739A60002ACBF1 /* Resources */,
			);
			buildRules = (
			);
			dependencies = (
			);
			name = BatailleNavaleOBJC;
			productName = BatailleNavaleOBJC;
			productReference = 9CCA78E71B739A60002ACBF1 /* BatailleNavaleOBJC.app */;
			productType = "com.apple.product-type.application";
		};
		9CCA78FF1B739A60002ACBF1 /* BatailleNavaleOBJCTests */ = {
			isa = PBXNativeTarget;
			buildConfigurationList = 9CCA790D1B739A60002ACBF1 /* Build configuration list for PBXNativeTarget "BatailleNavaleOBJCTests" */;
			buildPhases = (
				9CCA78FC1B739A60002ACBF1 /* Sources */,
				9CCA78FD1B739A60002ACBF1 /* Frameworks */,
				9CCA78FE1B739A60002ACBF1 /* Resources */,
			);
			buildRules = (
			);
			dependencies = (
				9CCA79021B739A60002ACBF1 /* PBXTargetDependency */,
			);
			name = BatailleNavaleOBJCTests;
			productName = BatailleNavaleOBJCTests;
			productReference = 9CCA79001B739A60002ACBF1 /* BatailleNavaleOBJCTests.xctest */;
			productType = "com.apple.product-type.bundle.unit-test";
		};
/* End PBXNativeTarget section */

/* Begin PBXProject section */
		9CCA78DF1B739A60002ACBF1 /* Project object */ = {
			isa = PBXProject;
			attributes = {
				LastUpgradeCheck = 0640;
				ORGANIZATIONNAME = CGIA;
				TargetAttributes = {
					9CCA78E61B739A60002ACBF1 = {
						CreatedOnToolsVersion = 6.4;
					};
					9CCA78FF1B739A60002ACBF1 = {
						CreatedOnToolsVersion = 6.4;
						TestTargetID = 9CCA78E61B739A60002ACBF1;
					};
				};
			};
			buildConfigurationList = 9CCA78E21B739A60002ACBF1 /* Build configuration list for PBXProject "BatailleNavaleOBJC" */;
			compatibilityVersion = "Xcode 3.2";
			developmentRegion = English;
			hasScannedForEncodings = 0;
			knownRegions = (
				en,
				Base,
			);
			mainGroup = 9CCA78DE1B739A60002ACBF1;
			productRefGroup = 9CCA78E81B739A60002ACBF1 /* Products */;
			projectDirPath = "";
			projectRoot = "";
			targets = (
				9CCA78E61B739A60002ACBF1 /* BatailleNavaleOBJC */,
				9CCA78FF1B739A60002ACBF1 /* BatailleNavaleOBJCTests */,
			);
		};
/* End PBXProject section */

/* Begin PBXResourcesBuildPhase section */
		9CCA78E51B739A60002ACBF1 /* Resources */ = {
			isa = PBXResourcesBuildPhase;
			buildActionMask = 2147483647;
			files = (
				9CCA78F61B739A60002ACBF1 /* Main.storyboard in Resources */,
				9CCA78FB1B739A60002ACBF1 /* LaunchScreen.xib in Resources */,
				9CCA78F81B739A60002ACBF1 /* Images.xcassets in Resources */,
			);
			runOnlyForDeploymentPostprocessing = 0;
		};
		9CCA78FE1B739A60002ACBF1 /* Resources */ = {
			isa = PBXResourcesBuildPhase;
			buildActionMask = 2147483647;
			files = (
			);
			runOnlyForDeploymentPostprocessing = 0;
		};
/* End PBXResourcesBuildPhase section */

/* Begin PBXSourcesBuildPhase section */
		9CCA78E31B739A60002ACBF1 /* Sources */ = {
			isa = PBXSourcesBuildPhase;
			buildActionMask = 2147483647;
			files = (
				9CCA78F31B739A60002ACBF1 /* ViewController.m in Sources */,
				9CCA78F01B739A60002ACBF1 /* AppDelegate.m in Sources */,
				9CCA78ED1B739A60002ACBF1 /* main.m in Sources */,
			);
			runOnlyForDeploymentPostprocessing = 0;
		};
		9CCA78FC1B739A60002ACBF1 /* Sources */ = {
			isa = PBXSourcesBuildPhase;
			buildActionMask = 2147483647;
			files = (
				9CCA79071B739A60002ACBF1 /* BatailleNavaleOBJCTests.m in Sources */,
			);
			runOnlyForDeploymentPostprocessing = 0;
		};
/* End PBXSourcesBuildPhase section */

/* Begin PBXTargetDependency section */
		9CCA79021B739A60002ACBF1 /* PBXTargetDependency */ = {
			isa = PBXTargetDependency;
			target = 9CCA78E61B739A60002ACBF1 /* BatailleNavaleOBJC */;
			targetProxy = 9CCA79011B739A60002ACBF1 /* PBXContainerItemProxy */;
		};
/* End PBXTargetDependency section */

/* Begin PBXVariantGroup section */
		9CCA78F41B739A60002ACBF1 /* Main.storyboard */ = {
			isa = PBXVariantGroup;
			children = (
				9CCA78F51B739A60002ACBF1 /* Base */,
			);
			name = Main.storyboard;
			sourceTree = "<group>";
		};
		9CCA78F91B739A60002ACBF1 /* LaunchScreen.xib */ = {
			isa = PBXVariantGroup;
			children = (
				9CCA78FA1B739A60002ACBF1 /* Base */,
			);
			name = LaunchScreen.xib;
			sourceTree = "<group>";
		};
/* End PBXVariantGroup section */

/* Begin XCBuildConfiguration section */
		9CCA79081B739A60002ACBF1 /* Debug */ = {
			isa = XCBuildConfiguration;
			buildSettings = {
				ALWAYS_SEARCH_USER_PATHS = NO;
				CLANG_CXX_LANGUAGE_STANDARD = "gnu++0x";
				CLANG_CXX_LIBRARY = "libc++";
				CLANG_ENABLE_MODULES = YES;
				CLANG_ENABLE_OBJC_ARC = YES;
				CLANG_WARN_BOOL_CONVERSION = YES;
				CLANG_WARN_CONSTANT_CONVERSION = YES;
				CLANG_WARN_DIRECT_OBJC_ISA_USAGE = YES_ERROR;
				CLANG_WARN_EMPTY_BODY = YES;
				CLANG_WARN_ENUM_CONVERSION = YES;
				CLANG_WARN_INT_CONVERSION = YES;
				CLANG_WARN_OBJC_ROOT_CLASS = YES_ERROR;
				CLANG_WARN_UNREACHABLE_CODE = YES;
				CLANG_WARN__DUPLICATE_METHOD_MATCH = YES;
				"CODE_SIGN_IDENTITY[sdk=iphoneos*]" = "iPhone Developer";
				COPY_PHASE_STRIP = NO;
				DEBUG_INFORMATION_FORMAT = "dwarf-with-dsym";
				ENABLE_STRICT_OBJC_MSGSEND = YES;
				GCC_C_LANGUAGE_STANDARD = gnu99;
				GCC_DYNAMIC_NO_PIC = NO;
				GCC_NO_COMMON_BLOCKS = YES;
				GCC_OPTIMIZATION_LEVEL = 0;
				GCC_PREPROCESSOR_DEFINITIONS = (
					"DEBUG=1",
					"$(inherited)",
				);
				GCC_SYMBOLS_PRIVATE_EXTERN = NO;
				GCC_WARN_64_TO_32_BIT_CONVERSION = YES;
				GCC_WARN_ABOUT_RETURN_TYPE = YES_ERROR;
				GCC_WARN_UNDECLARED_SELECTOR = YES;
				GCC_WARN_UNINITIALIZED_AUTOS = YES_AGGRESSIVE;
				GCC_WARN_UNUSED_FUNCTION = YES;
				GCC_WARN_UNUSED_VARIABLE = YES;
				IPHONEOS_DEPLOYMENT_TARGET = 8.4;
				MTL_ENABLE_DEBUG_INFO = YES;
				ONLY_ACTIVE_ARCH = YES;
				SDKROOT = iphoneos;
				TARGETED_DEVICE_FAMILY = "1,2";
			};
			name = Debug;
		};
		9CCA79091B739A60002ACBF1 /* Release */ = {
			isa = XCBuildConfiguration;
			buildSettings = {
				ALWAYS_SEARCH_USER_PATHS = NO;
				CLANG_CXX_LANGUAGE_STANDARD = "gnu++0x";
				CLANG_CXX_LIBRARY = "libc++";
				CLANG_ENABLE_MODULES = YES;
				CLANG_ENABLE_OBJC_ARC = YES;
				CLANG_WARN_BOOL_CONVERSION = YES;
				CLANG_WARN_CONSTANT_CONVERSION = YES;
				CLANG_WARN_DIRECT_OBJC_ISA_USAGE = YES_ERROR;
				CLANG_WARN_EMPTY_BODY = YES;
				CLANG_WARN_ENUM_CONVERSION = YES;
				CLANG_WARN_INT_CONVERSION = YES;
				CLANG_WARN_OBJC_ROOT_CLASS = YES_ERROR;
				CLANG_WARN_UNREACHABLE_CODE = YES;
				CLANG_WARN__DUPLICATE_METHOD_MATCH = YES;
				"CODE_SIGN_IDENTITY[sdk=iphoneos*]" = "iPhone Developer";
				COPY_PHASE_STRIP = NO;
				DEBUG_INFORMATION_FORMAT = "dwarf-with-dsym";
				ENABLE_NS_ASSERTIONS = NO;
				ENABLE_STRICT_OBJC_MSGSEND = YES;
				GCC_C_LANGUAGE_STANDARD = gnu99;
				GCC_NO_COMMON_BLOCKS = YES;
				GCC_WARN_64_TO_32_BIT_CONVERSION = YES;
				GCC_WARN_ABOUT_RETURN_TYPE = YES_ERROR;
				GCC_WARN_UNDECLARED_SELECTOR = YES;
				GCC_WARN_UNINITIALIZED_AUTOS = YES_AGGRESSIVE;
				GCC_WARN_UNUSED_FUNCTION = YES;
				GCC_WARN_UNUSED_VARIABLE = YES;
				IPHONEOS_DEPLOYMENT_TARGET = 8.4;
				MTL_ENABLE_DEBUG_INFO = NO;
				SDKROOT = iphoneos;
				TARGETED_DEVICE_FAMILY = "1,2";
				VALIDATE_PRODUCT = YES;
			};
			name = Release;
		};
		9CCA790B1B739A60002ACBF1 /* Debug */ = {
			isa = XCBuildConfiguration;
			buildSettings = {
				ASSETCATALOG_COMPILER_APPICON_NAME = AppIcon;
				INFOPLIST_FILE = BatailleNavaleOBJC/Info.plist;
				LD_RUNPATH_SEARCH_PATHS = "$(inherited) @executable_path/Frameworks";
				PRODUCT_NAME = "$(TARGET_NAME)";
			};
			name = Debug;
		};
		9CCA790C1B739A60002ACBF1 /* Release */ = {
			isa = XCBuildConfiguration;
			buildSettings = {
				ASSETCATALOG_COMPILER_APPICON_NAME = AppIcon;
				INFOPLIST_FILE = BatailleNavaleOBJC/Info.plist;
				LD_RUNPATH_SEARCH_PATHS = "$(inherited) @executable_path/Frameworks";
				PRODUCT_NAME = "$(TARGET_NAME)";
			};
			name = Release;
		};
		9CCA790E1B739A60002ACBF1 /* Debug */ = {
			isa = XCBuildConfiguration;
			buildSettings = {
				BUNDLE_LOADER = "$(TEST_HOST)";
				FRAMEWORK_SEARCH_PATHS = (
					"$(SDKROOT)/Developer/Library/Frameworks",
					"$(inherited)",
				);
				GCC_PREPROCESSOR_DEFINITIONS = (
					"DEBUG=1",
					"$(inherited)",
				);
				INFOPLIST_FILE = BatailleNavaleOBJCTests/Info.plist;
				LD_RUNPATH_SEARCH_PATHS = "$(inherited) @executable_path/Frameworks @loader_path/Frameworks";
				PRODUCT_NAME = "$(TARGET_NAME)";
				TEST_HOST = "$(BUILT_PRODUCTS_DIR)/BatailleNavaleOBJC.app/BatailleNavaleOBJC";
			};
			name = Debug;
		};
		9CCA790F1B739A60002ACBF1 /* Release */ = {
			isa = XCBuildConfiguration;
			buildSettings = {
				BUNDLE_LOADER = "$(TEST_HOST)";
				FRAMEWORK_SEARCH_PATHS = (
					"$(SDKROOT)/Developer/Library/Frameworks",
					"$(inherited)",
				);
				INFOPLIST_FILE = BatailleNavaleOBJCTests/Info.plist;
				LD_RUNPATH_SEARCH_PATHS = "$(inherited) @executable_path/Frameworks @loader_path/Frameworks";
				PRODUCT_NAME = "$(TARGET_NAME)";
				TEST_HOST = "$(BUILT_PRODUCTS_DIR)/BatailleNavaleOBJC.app/BatailleNavaleOBJC";
			};
			name = Release;
		};
/* End XCBuildConfiguration section */

/* Begin XCConfigurationList section */
		9CCA78E21B739A60002ACBF1 /* Build configuration list for PBXProject "BatailleNavaleOBJC" */ = {
			isa = XCConfigurationList;
			buildConfigurations = (
				9CCA79081B739A60002ACBF1 /* Debug */,
				9CCA79091B739A60002ACBF1 /* Release */,
			);
			defaultConfigurationIsVisible = 0;
			defaultConfigurationName = Release;
		};
		9CCA790A1B739A60002ACBF1 /* Build configuration list for PBXNativeTarget "BatailleNavaleOBJC" */ = {
			isa = XCConfigurationList;
			buildConfigurations = (
				9CCA790B1B739A60002ACBF1 /* Debug */,
				9CCA790C1B739A60002ACBF1 /* Release */,
			);
			defaultConfigurationIsVisible = 0;
		};
		9CCA790D1B739A60002ACBF1 /* Build configuration list for PBXNativeTarget "BatailleNavaleOBJCTests" */ = {
			isa = XCConfigurationList;
			buildConfigurations = (
				9CCA790E1B739A60002ACBF1 /* Debug */,
				9CCA790F1B739A60002ACBF1 /* Release */,
			);
			defaultConfigurationIsVisible = 0;
		};
/* End XCConfigurationList section */
	};
	rootObject = 9CCA78DF1B739A60002ACBF1 /* Project object */;
}
